
Microsoft Visual Studio Solution File, Format Version 12.00
Project("{FAE04EC0-301F-11D3-BF4B-00C04F79EFBC}") = "System_Uznawania_Przychodów_dla_dużej_korporacji_ABC", "System_Uznawania_Przychodów_dla_dużej_korporacji_ABC\System_Uznawania_Przychodów_dla_dużej_korporacji_ABC.csproj", "{2263212A-D499-4AB7-A7F5-C6E5581E40C5}"
EndProject
Project("{FAE04EC0-301F-11D3-BF4B-00C04F79EFBC}") = "System_Uznawania_Przychodów_dla_dużej_korporacji_ABC_TESTS", "System_Uznawania_Przychodów_dla_dużej_korporacji_ABC_TESTS\System_Uznawania_Przychodów_dla_dużej_korporacji_ABC_TESTS.csproj", "{AEF5F6FA-B925-44AC-87DF-20105081F219}"
EndProject
Global
	GlobalSection(SolutionConfigurationPlatforms) = preSolution
		Debug|Any CPU = Debug|Any CPU
		Release|Any CPU = Release|Any CPU
	EndGlobalSection
	GlobalSection(ProjectConfigurationPlatforms) = postSolution
		{2263212A-D499-4AB7-A7F5-C6E5581E40C5}.Debug|Any CPU.ActiveCfg = Debug|Any CPU
		{2263212A-D499-4AB7-A7F5-C6E5581E40C5}.Debug|Any CPU.Build.0 = Debug|Any CPU
		{2263212A-D499-4AB7-A7F5-C6E5581E40C5}.Release|Any CPU.ActiveCfg = Release|Any CPU
		{2263212A-D499-4AB7-A7F5-C6E5581E40C5}.Release|Any CPU.Build.0 = Release|Any CPU
		{AEF5F6FA-B925-44AC-87DF-20105081F219}.Debug|Any CPU.ActiveCfg = Debug|Any CPU
		{AEF5F6FA-B925-44AC-87DF-20105081F219}.Debug|Any CPU.Build.0 = Debug|Any CPU
		{AEF5F6FA-B925-44AC-87DF-20105081F219}.Release|Any CPU.ActiveCfg = Release|Any CPU
		{AEF5F6FA-B925-44AC-87DF-20105081F219}.Release|Any CPU.Build.0 = Release|Any CPU
	EndGlobalSection
EndGlobal
